// !$*UTF8*$!
{
	archiveVersion = 1;
	classes = {
	};
	objectVersion = 55;
	objects = {

/* Begin PBXBuildFile section */
		D316DAF327231858000C2FE9 /* AppDelegate.swift in Sources */ = {isa = PBXBuildFile; fileRef = D316DAF227231858000C2FE9 /* AppDelegate.swift */; };
		D316DAF527231858000C2FE9 /* SceneDelegate.swift in Sources */ = {isa = PBXBuildFile; fileRef = D316DAF427231858000C2FE9 /* SceneDelegate.swift */; };
		D316DAF727231858000C2FE9 /* ViewController.swift in Sources */ = {isa = PBXBuildFile; fileRef = D316DAF627231858000C2FE9 /* ViewController.swift */; };
		D316DAFA27231858000C2FE9 /* Main.storyboard in Resources */ = {isa = PBXBuildFile; fileRef = D316DAF827231858000C2FE9 /* Main.storyboard */; };
		D316DAFC27231859000C2FE9 /* Assets.xcassets in Resources */ = {isa = PBXBuildFile; fileRef = D316DAFB27231859000C2FE9 /* Assets.xcassets */; };
		D316DAFF27231859000C2FE9 /* LaunchScreen.storyboard in Resources */ = {isa = PBXBuildFile; fileRef = D316DAFD27231859000C2FE9 /* LaunchScreen.storyboard */; };
		D316DB0A27231859000C2FE9 /* iOS_Project_TestTests.swift in Sources */ = {isa = PBXBuildFile; fileRef = D316DB0927231859000C2FE9 /* iOS_Project_TestTests.swift */; };
		D316DB1427231859000C2FE9 /* iOS_Project_TestUITests.swift in Sources */ = {isa = PBXBuildFile; fileRef = D316DB1327231859000C2FE9 /* iOS_Project_TestUITests.swift */; };
		D316DB1627231859000C2FE9 /* iOS_Project_TestUITestsLaunchTests.swift in Sources */ = {isa = PBXBuildFile; fileRef = D316DB1527231859000C2FE9 /* iOS_Project_TestUITestsLaunchTests.swift */; };
		D316DB2627231AB2000C2FE9 /* NewsArticleAPI.swift in Sources */ = {isa = PBXBuildFile; fileRef = D316DB2527231AB2000C2FE9 /* NewsArticleAPI.swift */; };
		D316DB2827231C80000C2FE9 /* NewsModel.swift in Sources */ = {isa = PBXBuildFile; fileRef = D316DB2727231C80000C2FE9 /* NewsModel.swift */; };
		D316DB2B2723B3BB000C2FE9 /* NewsCollectionViewCell.swift in Sources */ = {isa = PBXBuildFile; fileRef = D316DB292723B3BB000C2FE9 /* NewsCollectionViewCell.swift */; };
		D316DB2C2723B3BB000C2FE9 /* NewsCollectionViewCell.xib in Resources */ = {isa = PBXBuildFile; fileRef = D316DB2A2723B3BB000C2FE9 /* NewsCollectionViewCell.xib */; };
/* End PBXBuildFile section */

/* Begin PBXContainerItemProxy section */
		D316DB0627231859000C2FE9 /* PBXContainerItemProxy */ = {
			isa = PBXContainerItemProxy;
			containerPortal = D316DAE727231858000C2FE9 /* Project object */;
			proxyType = 1;
			remoteGlobalIDString = D316DAEE27231858000C2FE9;
			remoteInfo = "iOS Project Test";
		};
		D316DB1027231859000C2FE9 /* PBXContainerItemProxy */ = {
			isa = PBXContainerItemProxy;
			containerPortal = D316DAE727231858000C2FE9 /* Project object */;
			proxyType = 1;
			remoteGlobalIDString = D316DAEE27231858000C2FE9;
			remoteInfo = "iOS Project Test";
		};
/* End PBXContainerItemProxy section */

/* Begin PBXFileReference section */
		D316DAEF27231858000C2FE9 /* iOS Project Test.app */ = {isa = PBXFileReference; explicitFileType = wrapper.application; includeInIndex = 0; path = "iOS Project Test.app"; sourceTree = BUILT_PRODUCTS_DIR; };
		D316DAF227231858000C2FE9 /* AppDelegate.swift */ = {isa = PBXFileReference; lastKnownFileType = sourcecode.swift; path = AppDelegate.swift; sourceTree = "<group>"; };
		D316DAF427231858000C2FE9 /* SceneDelegate.swift */ = {isa = PBXFileReference; lastKnownFileType = sourcecode.swift; path = SceneDelegate.swift; sourceTree = "<group>"; };
		D316DAF627231858000C2FE9 /* ViewController.swift */ = {isa = PBXFileReference; lastKnownFileType = sourcecode.swift; path = ViewController.swift; sourceTree = "<group>"; };
		D316DAF927231858000C2FE9 /* Base */ = {isa = PBXFileReference; lastKnownFileType = file.storyboard; name = Base; path = Base.lproj/Main.storyboard; sourceTree = "<group>"; };
		D316DAFB27231859000C2FE9 /* Assets.xcassets */ = {isa = PBXFileReference; lastKnownFileType = folder.assetcatalog; path = Assets.xcassets; sourceTree = "<group>"; };
		D316DAFE27231859000C2FE9 /* Base */ = {isa = PBXFileReference; lastKnownFileType = file.storyboard; name = Base; path = Base.lproj/LaunchScreen.storyboard; sourceTree = "<group>"; };
		D316DB0027231859000C2FE9 /* Info.plist */ = {isa = PBXFileReference; lastKnownFileType = text.plist.xml; path = Info.plist; sourceTree = "<group>"; };
		D316DB0527231859000C2FE9 /* iOS Project TestTests.xctest */ = {isa = PBXFileReference; explicitFileType = wrapper.cfbundle; includeInIndex = 0; path = "iOS Project TestTests.xctest"; sourceTree = BUILT_PRODUCTS_DIR; };
		D316DB0927231859000C2FE9 /* iOS_Project_TestTests.swift */ = {isa = PBXFileReference; lastKnownFileType = sourcecode.swift; path = iOS_Project_TestTests.swift; sourceTree = "<group>"; };
		D316DB0F27231859000C2FE9 /* iOS Project TestUITests.xctest */ = {isa = PBXFileReference; explicitFileType = wrapper.cfbundle; includeInIndex = 0; path = "iOS Project TestUITests.xctest"; sourceTree = BUILT_PRODUCTS_DIR; };
		D316DB1327231859000C2FE9 /* iOS_Project_TestUITests.swift */ = {isa = PBXFileReference; lastKnownFileType = sourcecode.swift; path = iOS_Project_TestUITests.swift; sourceTree = "<group>"; };
		D316DB1527231859000C2FE9 /* iOS_Project_TestUITestsLaunchTests.swift */ = {isa = PBXFileReference; lastKnownFileType = sourcecode.swift; path = iOS_Project_TestUITestsLaunchTests.swift; sourceTree = "<group>"; };
		D316DB2527231AB2000C2FE9 /* NewsArticleAPI.swift */ = {isa = PBXFileReference; lastKnownFileType = sourcecode.swift; path = NewsArticleAPI.swift; sourceTree = "<group>"; };
		D316DB2727231C80000C2FE9 /* NewsModel.swift */ = {isa = PBXFileReference; lastKnownFileType = sourcecode.swift; path = NewsModel.swift; sourceTree = "<group>"; };
		D316DB292723B3BB000C2FE9 /* NewsCollectionViewCell.swift */ = {isa = PBXFileReference; lastKnownFileType = sourcecode.swift; path = NewsCollectionViewCell.swift; sourceTree = "<group>"; };
		D316DB2A2723B3BB000C2FE9 /* NewsCollectionViewCell.xib */ = {isa = PBXFileReference; lastKnownFileType = file.xib; path = NewsCollectionViewCell.xib; sourceTree = "<group>"; };
/* End PBXFileReference section */

/* Begin PBXFrameworksBuildPhase section */
		D316DAEC27231858000C2FE9 /* Frameworks */ = {
			isa = PBXFrameworksBuildPhase;
			buildActionMask = 2147483647;
			files = (
			);
			runOnlyForDeploymentPostprocessing = 0;
		};
		D316DB0227231859000C2FE9 /* Frameworks */ = {
			isa = PBXFrameworksBuildPhase;
			buildActionMask = 2147483647;
			files = (
			);
			runOnlyForDeploymentPostprocessing = 0;
		};
		D316DB0C27231859000C2FE9 /* Frameworks */ = {
			isa = PBXFrameworksBuildPhase;
			buildActionMask = 2147483647;
			files = (
			);
			runOnlyForDeploymentPostprocessing = 0;
		};
/* End PBXFrameworksBuildPhase section */

/* Begin PBXGroup section */
		D316DAE627231858000C2FE9 = {
			isa = PBXGroup;
			children = (
				D316DAF127231858000C2FE9 /* iOS Project Test */,
				D316DB0827231859000C2FE9 /* iOS Project TestTests */,
				D316DB1227231859000C2FE9 /* iOS Project TestUITests */,
				D316DAF027231858000C2FE9 /* Products */,
			);
			sourceTree = "<group>";
		};
		D316DAF027231858000C2FE9 /* Products */ = {
			isa = PBXGroup;
			children = (
				D316DAEF27231858000C2FE9 /* iOS Project Test.app */,
				D316DB0527231859000C2FE9 /* iOS Project TestTests.xctest */,
				D316DB0F27231859000C2FE9 /* iOS Project TestUITests.xctest */,
			);
			name = Products;
			sourceTree = "<group>";
		};
		D316DAF127231858000C2FE9 /* iOS Project Test */ = {
			isa = PBXGroup;
			children = (
				D316DB2427231A8D000C2FE9 /* Views */,
				D316DB2327231A83000C2FE9 /* Controllers */,
				D316DB2227231A75000C2FE9 /* Models */,
				D316DAF227231858000C2FE9 /* AppDelegate.swift */,
				D316DAF427231858000C2FE9 /* SceneDelegate.swift */,
				D316DAF627231858000C2FE9 /* ViewController.swift */,
				D316DAF827231858000C2FE9 /* Main.storyboard */,
				D316DAFB27231859000C2FE9 /* Assets.xcassets */,
				D316DAFD27231859000C2FE9 /* LaunchScreen.storyboard */,
				D316DB0027231859000C2FE9 /* Info.plist */,
				D316DB292723B3BB000C2FE9 /* NewsCollectionViewCell.swift */,
				D316DB2A2723B3BB000C2FE9 /* NewsCollectionViewCell.xib */,
			);
			path = "iOS Project Test";
			sourceTree = "<group>";
		};
		D316DB0827231859000C2FE9 /* iOS Project TestTests */ = {
			isa = PBXGroup;
			children = (
				D316DB0927231859000C2FE9 /* iOS_Project_TestTests.swift */,
			);
			path = "iOS Project TestTests";
			sourceTree = "<group>";
		};
		D316DB1227231859000C2FE9 /* iOS Project TestUITests */ = {
			isa = PBXGroup;
			children = (
				D316DB1327231859000C2FE9 /* iOS_Project_TestUITests.swift */,
				D316DB1527231859000C2FE9 /* iOS_Project_TestUITestsLaunchTests.swift */,
			);
			path = "iOS Project TestUITests";
			sourceTree = "<group>";
		};
		D316DB2227231A75000C2FE9 /* Models */ = {
			isa = PBXGroup;
			children = (
				D316DB2727231C80000C2FE9 /* NewsModel.swift */,
			);
			path = Models;
			sourceTree = "<group>";
		};
		D316DB2327231A83000C2FE9 /* Controllers */ = {
			isa = PBXGroup;
			children = (
				D316DB2527231AB2000C2FE9 /* NewsArticleAPI.swift */,
			);
			path = Controllers;
			sourceTree = "<group>";
		};
		D316DB2427231A8D000C2FE9 /* Views */ = {
			isa = PBXGroup;
			children = (
			);
			path = Views;
			sourceTree = "<group>";
		};
/* End PBXGroup section */

/* Begin PBXNativeTarget section */
		D316DAEE27231858000C2FE9 /* iOS Project Test */ = {
			isa = PBXNativeTarget;
			buildConfigurationList = D316DB1927231859000C2FE9 /* Build configuration list for PBXNativeTarget "iOS Project Test" */;
			buildPhases = (
				D316DAEB27231858000C2FE9 /* Sources */,
				D316DAEC27231858000C2FE9 /* Frameworks */,
				D316DAED27231858000C2FE9 /* Resources */,
			);
			buildRules = (
			);
			dependencies = (
			);
			name = "iOS Project Test";
			productName = "iOS Project Test";
			productReference = D316DAEF27231858000C2FE9 /* iOS Project Test.app */;
			productType = "com.apple.product-type.application";
		};
		D316DB0427231859000C2FE9 /* iOS Project TestTests */ = {
			isa = PBXNativeTarget;
			buildConfigurationList = D316DB1C27231859000C2FE9 /* Build configuration list for PBXNativeTarget "iOS Project TestTests" */;
			buildPhases = (
				D316DB0127231859000C2FE9 /* Sources */,
				D316DB0227231859000C2FE9 /* Frameworks */,
				D316DB0327231859000C2FE9 /* Resources */,
			);
			buildRules = (
			);
			dependencies = (
				D316DB0727231859000C2FE9 /* PBXTargetDependency */,
			);
			name = "iOS Project TestTests";
			productName = "iOS Project TestTests";
			productReference = D316DB0527231859000C2FE9 /* iOS Project TestTests.xctest */;
			productType = "com.apple.product-type.bundle.unit-test";
		};
		D316DB0E27231859000C2FE9 /* iOS Project TestUITests */ = {
			isa = PBXNativeTarget;
			buildConfigurationList = D316DB1F27231859000C2FE9 /* Build configuration list for PBXNativeTarget "iOS Project TestUITests" */;
			buildPhases = (
				D316DB0B27231859000C2FE9 /* Sources */,
				D316DB0C27231859000C2FE9 /* Frameworks */,
				D316DB0D27231859000C2FE9 /* Resources */,
			);
			buildRules = (
			);
			dependencies = (
				D316DB1127231859000C2FE9 /* PBXTargetDependency */,
			);
			name = "iOS Project TestUITests";
			productName = "iOS Project TestUITests";
			productReference = D316DB0F27231859000C2FE9 /* iOS Project TestUITests.xctest */;
			productType = "com.apple.product-type.bundle.ui-testing";
		};
/* End PBXNativeTarget section */

/* Begin PBXProject section */
		D316DAE727231858000C2FE9 /* Project object */ = {
			isa = PBXProject;
			attributes = {
				BuildIndependentTargetsInParallel = 1;
				LastSwiftUpdateCheck = 1300;
				LastUpgradeCheck = 1300;
				TargetAttributes = {
					D316DAEE27231858000C2FE9 = {
						CreatedOnToolsVersion = 13.0;
					};
					D316DB0427231859000C2FE9 = {
						CreatedOnToolsVersion = 13.0;
						TestTargetID = D316DAEE27231858000C2FE9;
					};
					D316DB0E27231859000C2FE9 = {
						CreatedOnToolsVersion = 13.0;
						TestTargetID = D316DAEE27231858000C2FE9;
					};
				};
			};
			buildConfigurationList = D316DAEA27231858000C2FE9 /* Build configuration list for PBXProject "iOS Project Test" */;
			compatibilityVersion = "Xcode 13.0";
			developmentRegion = en;
			hasScannedForEncodings = 0;
			knownRegions = (
				en,
				Base,
			);
			mainGroup = D316DAE627231858000C2FE9;
			productRefGroup = D316DAF027231858000C2FE9 /* Products */;
			projectDirPath = "";
			projectRoot = "";
			targets = (
				D316DAEE27231858000C2FE9 /* iOS Project Test */,
				D316DB0427231859000C2FE9 /* iOS Project TestTests */,
				D316DB0E27231859000C2FE9 /* iOS Project TestUITests */,
			);
		};
/* End PBXProject section */

/* Begin PBXResourcesBuildPhase section */
		D316DAED27231858000C2FE9 /* Resources */ = {
			isa = PBXResourcesBuildPhase;
			buildActionMask = 2147483647;
			files = (
				D316DAFF27231859000C2FE9 /* LaunchScreen.storyboard in Resources */,
				D316DAFC27231859000C2FE9 /* Assets.xcassets in Resources */,
				D316DAFA27231858000C2FE9 /* Main.storyboard in Resources */,
				D316DB2C2723B3BB000C2FE9 /* NewsCollectionViewCell.xib in Resources */,
			);
			runOnlyForDeploymentPostprocessing = 0;
		};
		D316DB0327231859000C2FE9 /* Resources */ = {
			isa = PBXResourcesBuildPhase;
			buildActionMask = 2147483647;
			files = (
			);
			runOnlyForDeploymentPostprocessing = 0;
		};
		D316DB0D27231859000C2FE9 /* Resources */ = {
			isa = PBXResourcesBuildPhase;
			buildActionMask = 2147483647;
			files = (
			);
			runOnlyForDeploymentPostprocessing = 0;
		};
/* End PBXResourcesBuildPhase section */

/* Begin PBXSourcesBuildPhase section */
		D316DAEB27231858000C2FE9 /* Sources */ = {
			isa = PBXSourcesBuildPhase;
			buildActionMask = 2147483647;
			files = (
				D316DAF727231858000C2FE9 /* ViewController.swift in Sources */,
				D316DB2B2723B3BB000C2FE9 /* NewsCollectionViewCell.swift in Sources */,
				D316DB2627231AB2000C2FE9 /* NewsArticleAPI.swift in Sources */,
				D316DAF327231858000C2FE9 /* AppDelegate.swift in Sources */,
				D316DAF527231858000C2FE9 /* SceneDelegate.swift in Sources */,
				D316DB2827231C80000C2FE9 /* NewsModel.swift in Sources */,
			);
			runOnlyForDeploymentPostprocessing = 0;
		};
		D316DB0127231859000C2FE9 /* Sources */ = {
			isa = PBXSourcesBuildPhase;
			buildActionMask = 2147483647;
			files = (
				D316DB0A27231859000C2FE9 /* iOS_Project_TestTests.swift in Sources */,
			);
			runOnlyForDeploymentPostprocessing = 0;
		};
		D316DB0B27231859000C2FE9 /* Sources */ = {
			isa = PBXSourcesBuildPhase;
			buildActionMask = 2147483647;
			files = (
				D316DB1627231859000C2FE9 /* iOS_Project_TestUITestsLaunchTests.swift in Sources */,
				D316DB1427231859000C2FE9 /* iOS_Project_TestUITests.swift in Sources */,
			);
			runOnlyForDeploymentPostprocessing = 0;
		};
/* End PBXSourcesBuildPhase section */

/* Begin PBXTargetDependency section */
		D316DB0727231859000C2FE9 /* PBXTargetDependency */ = {
			isa = PBXTargetDependency;
			target = D316DAEE27231858000C2FE9 /* iOS Project Test */;
			targetProxy = D316DB0627231859000C2FE9 /* PBXContainerItemProxy */;
		};
		D316DB1127231859000C2FE9 /* PBXTargetDependency */ = {
			isa = PBXTargetDependency;
			target = D316DAEE27231858000C2FE9 /* iOS Project Test */;
			targetProxy = D316DB1027231859000C2FE9 /* PBXContainerItemProxy */;
		};
/* End PBXTargetDependency section */

/* Begin PBXVariantGroup section */
		D316DAF827231858000C2FE9 /* Main.storyboard */ = {
			isa = PBXVariantGroup;
			children = (
				D316DAF927231858000C2FE9 /* Base */,
			);
			name = Main.storyboard;
			sourceTree = "<group>";
		};
		D316DAFD27231859000C2FE9 /* LaunchScreen.storyboard */ = {
			isa = PBXVariantGroup;
			children = (
				D316DAFE27231859000C2FE9 /* Base */,
			);
			name = LaunchScreen.storyboard;
			sourceTree = "<group>";
		};
/* End PBXVariantGroup section */

/* Begin XCBuildConfiguration section */
		D316DB1727231859000C2FE9 /* Debug */ = {
			isa = XCBuildConfiguration;
			buildSettings = {
				ALWAYS_SEARCH_USER_PATHS = NO;
				CLANG_ANALYZER_NONNULL = YES;
				CLANG_ANALYZER_NUMBER_OBJECT_CONVERSION = YES_AGGRESSIVE;
				CLANG_CXX_LANGUAGE_STANDARD = "gnu++17";
				CLANG_CXX_LIBRARY = "libc++";
				CLANG_ENABLE_MODULES = YES;
				CLANG_ENABLE_OBJC_ARC = YES;
				CLANG_ENABLE_OBJC_WEAK = YES;
				CLANG_WARN_BLOCK_CAPTURE_AUTORELEASING = YES;
				CLANG_WARN_BOOL_CONVERSION = YES;
				CLANG_WARN_COMMA = YES;
				CLANG_WARN_CONSTANT_CONVERSION = YES;
				CLANG_WARN_DEPRECATED_OBJC_IMPLEMENTATIONS = YES;
				CLANG_WARN_DIRECT_OBJC_ISA_USAGE = YES_ERROR;
				CLANG_WARN_DOCUMENTATION_COMMENTS = YES;
				CLANG_WARN_EMPTY_BODY = YES;
				CLANG_WARN_ENUM_CONVERSION = YES;
				CLANG_WARN_INFINITE_RECURSION = YES;
				CLANG_WARN_INT_CONVERSION = YES;
				CLANG_WARN_NON_LITERAL_NULL_CONVERSION = YES;
				CLANG_WARN_OBJC_IMPLICIT_RETAIN_SELF = YES;
				CLANG_WARN_OBJC_LITERAL_CONVERSION = YES;
				CLANG_WARN_OBJC_ROOT_CLASS = YES_ERROR;
				CLANG_WARN_QUOTED_INCLUDE_IN_FRAMEWORK_HEADER = YES;
				CLANG_WARN_RANGE_LOOP_ANALYSIS = YES;
				CLANG_WARN_STRICT_PROTOTYPES = YES;
				CLANG_WARN_SUSPICIOUS_MOVE = YES;
				CLANG_WARN_UNGUARDED_AVAILABILITY = YES_AGGRESSIVE;
				CLANG_WARN_UNREACHABLE_CODE = YES;
				CLANG_WARN__DUPLICATE_METHOD_MATCH = YES;
				COPY_PHASE_STRIP = NO;
				DEBUG_INFORMATION_FORMAT = dwarf;
				ENABLE_STRICT_OBJC_MSGSEND = YES;
				ENABLE_TESTABILITY = YES;
				GCC_C_LANGUAGE_STANDARD = gnu11;
				GCC_DYNAMIC_NO_PIC = NO;
				GCC_NO_COMMON_BLOCKS = YES;
				GCC_OPTIMIZATION_LEVEL = 0;
				GCC_PREPROCESSOR_DEFINITIONS = (
					"DEBUG=1",
					"$(inherited)",
				);
				GCC_WARN_64_TO_32_BIT_CONVERSION = YES;
				GCC_WARN_ABOUT_RETURN_TYPE = YES_ERROR;
				GCC_WARN_UNDECLARED_SELECTOR = YES;
				GCC_WARN_UNINITIALIZED_AUTOS = YES_AGGRESSIVE;
				GCC_WARN_UNUSED_FUNCTION = YES;
				GCC_WARN_UNUSED_VARIABLE = YES;
				IPHONEOS_DEPLOYMENT_TARGET = 15.0;
				MTL_ENABLE_DEBUG_INFO = INCLUDE_SOURCE;
				MTL_FAST_MATH = YES;
				ONLY_ACTIVE_ARCH = YES;
				SDKROOT = iphoneos;
				SWIFT_ACTIVE_COMPILATION_CONDITIONS = DEBUG;
				SWIFT_OPTIMIZATION_LEVEL = "-Onone";
			};
			name = Debug;
		};
		D316DB1827231859000C2FE9 /* Release */ = {
			isa = XCBuildConfiguration;
			buildSettings = {
				ALWAYS_SEARCH_USER_PATHS = NO;
				CLANG_ANALYZER_NONNULL = YES;
				CLANG_ANALYZER_NUMBER_OBJECT_CONVERSION = YES_AGGRESSIVE;
				CLANG_CXX_LANGUAGE_STANDARD = "gnu++17";
				CLANG_CXX_LIBRARY = "libc++";
				CLANG_ENABLE_MODULES = YES;
				CLANG_ENABLE_OBJC_ARC = YES;
				CLANG_ENABLE_OBJC_WEAK = YES;
				CLANG_WARN_BLOCK_CAPTURE_AUTORELEASING = YES;
				CLANG_WARN_BOOL_CONVERSION = YES;
				CLANG_WARN_COMMA = YES;
				CLANG_WARN_CONSTANT_CONVERSION = YES;
				CLANG_WARN_DEPRECATED_OBJC_IMPLEMENTATIONS = YES;
				CLANG_WARN_DIRECT_OBJC_ISA_USAGE = YES_ERROR;
				CLANG_WARN_DOCUMENTATION_COMMENTS = YES;
				CLANG_WARN_EMPTY_BODY = YES;
				CLANG_WARN_ENUM_CONVERSION = YES;
				CLANG_WARN_INFINITE_RECURSION = YES;
				CLANG_WARN_INT_CONVERSION = YES;
				CLANG_WARN_NON_LITERAL_NULL_CONVERSION = YES;
				CLANG_WARN_OBJC_IMPLICIT_RETAIN_SELF = YES;
				CLANG_WARN_OBJC_LITERAL_CONVERSION = YES;
				CLANG_WARN_OBJC_ROOT_CLASS = YES_ERROR;
				CLANG_WARN_QUOTED_INCLUDE_IN_FRAMEWORK_HEADER = YES;
				CLANG_WARN_RANGE_LOOP_ANALYSIS = YES;
				CLANG_WARN_STRICT_PROTOTYPES = YES;
				CLANG_WARN_SUSPICIOUS_MOVE = YES;
				CLANG_WARN_UNGUARDED_AVAILABILITY = YES_AGGRESSIVE;
				CLANG_WARN_UNREACHABLE_CODE = YES;
				CLANG_WARN__DUPLICATE_METHOD_MATCH = YES;
				COPY_PHASE_STRIP = NO;
				DEBUG_INFORMATION_FORMAT = "dwarf-with-dsym";
				ENABLE_NS_ASSERTIONS = NO;
				ENABLE_STRICT_OBJC_MSGSEND = YES;
				GCC_C_LANGUAGE_STANDARD = gnu11;
				GCC_NO_COMMON_BLOCKS = YES;
				GCC_WARN_64_TO_32_BIT_CONVERSION = YES;
				GCC_WARN_ABOUT_RETURN_TYPE = YES_ERROR;
				GCC_WARN_UNDECLARED_SELECTOR = YES;
				GCC_WARN_UNINITIALIZED_AUTOS = YES_AGGRESSIVE;
				GCC_WARN_UNUSED_FUNCTION = YES;
				GCC_WARN_UNUSED_VARIABLE = YES;
				IPHONEOS_DEPLOYMENT_TARGET = 15.0;
				MTL_ENABLE_DEBUG_INFO = NO;
				MTL_FAST_MATH = YES;
				SDKROOT = iphoneos;
				SWIFT_COMPILATION_MODE = wholemodule;
				SWIFT_OPTIMIZATION_LEVEL = "-O";
				VALIDATE_PRODUCT = YES;
			};
			name = Release;
		};
		D316DB1A27231859000C2FE9 /* Debug */ = {
			isa = XCBuildConfiguration;
			buildSettings = {
				ASSETCATALOG_COMPILER_APPICON_NAME = AppIcon;
				ASSETCATALOG_COMPILER_GLOBAL_ACCENT_COLOR_NAME = AccentColor;
				CODE_SIGN_STYLE = Automatic;
				CURRENT_PROJECT_VERSION = 1;
				GENERATE_INFOPLIST_FILE = YES;
				INFOPLIST_FILE = "iOS Project Test/Info.plist";
				INFOPLIST_KEY_UIApplicationSupportsIndirectInputEvents = YES;
				INFOPLIST_KEY_UILaunchStoryboardName = LaunchScreen;
				INFOPLIST_KEY_UIMainStoryboardFile = Main;
				INFOPLIST_KEY_UISupportedInterfaceOrientations_iPad = "UIInterfaceOrientationPortrait UIInterfaceOrientationPortraitUpsideDown UIInterfaceOrientationLandscapeLeft UIInterfaceOrientationLandscapeRight";
				INFOPLIST_KEY_UISupportedInterfaceOrientations_iPhone = "UIInterfaceOrientationPortrait UIInterfaceOrientationLandscapeLeft UIInterfaceOrientationLandscapeRight";
				LD_RUNPATH_SEARCH_PATHS = (
					"$(inherited)",
					"@executable_path/Frameworks",
				);
				MARKETING_VERSION = 1.0;
				PRODUCT_BUNDLE_IDENTIFIER = "design.ardyan.iOS-Project-Test";
				PRODUCT_NAME = "$(TARGET_NAME)";
				SWIFT_EMIT_LOC_STRINGS = YES;
				SWIFT_VERSION = 5.0;
				TARGETED_DEVICE_FAMILY = 1;
			};
			name = Debug;
		};
		D316DB1B27231859000C2FE9 /* Release */ = {
			isa = XCBuildConfiguration;
			buildSettings = {
				ASSETCATALOG_COMPILER_APPICON_NAME = AppIcon;
				ASSETCATALOG_COMPILER_GLOBAL_ACCENT_COLOR_NAME = AccentColor;
				CODE_SIGN_STYLE = Automatic;
				CURRENT_PROJECT_VERSION = 1;
				GENERATE_INFOPLIST_FILE = YES;
				INFOPLIST_FILE = "iOS Project Test/Info.plist";
				INFOPLIST_KEY_UIApplicationSupportsIndirectInputEvents = YES;
				INFOPLIST_KEY_UILaunchStoryboardName = LaunchScreen;
				INFOPLIST_KEY_UIMainStoryboardFile = Main;
				INFOPLIST_KEY_UISupportedInterfaceOrientations_iPad = "UIInterfaceOrientationPortrait UIInterfaceOrientationPortraitUpsideDown UIInterfaceOrientationLandscapeLeft UIInterfaceOrientationLandscapeRight";
				INFOPLIST_KEY_UISupportedInterfaceOrientations_iPhone = "UIInterfaceOrientationPortrait UIInterfaceOrientationLandscapeLeft UIInterfaceOrientationLandscapeRight";
				LD_RUNPATH_SEARCH_PATHS = (
					"$(inherited)",
					"@executable_path/Frameworks",
				);
				MARKETING_VERSION = 1.0;
				PRODUCT_BUNDLE_IDENTIFIER = "design.ardyan.iOS-Project-Test";
				PRODUCT_NAME = "$(TARGET_NAME)";
				SWIFT_EMIT_LOC_STRINGS = YES;
				SWIFT_VERSION = 5.0;
				TARGETED_DEVICE_FAMILY = 1;
			};
			name = Release;
		};
		D316DB1D27231859000C2FE9 /* Debug */ = {
			isa = XCBuildConfiguration;
			buildSettings = {
				ALWAYS_EMBED_SWIFT_STANDARD_LIBRARIES = YES;
				BUNDLE_LOADER = "$(TEST_HOST)";
				CODE_SIGN_STYLE = Automatic;
				CURRENT_PROJECT_VERSION = 1;
				GENERATE_INFOPLIST_FILE = YES;
				IPHONEOS_DEPLOYMENT_TARGET = 15.0;
				LD_RUNPATH_SEARCH_PATHS = (
					"$(inherited)",
					"@executable_path/Frameworks",
					"@loader_path/Frameworks",
				);
				MARKETING_VERSION = 1.0;
				PRODUCT_BUNDLE_IDENTIFIER = "design.ardyan.iOS-Project-TestTests";
				PRODUCT_NAME = "$(TARGET_NAME)";
				SWIFT_EMIT_LOC_STRINGS = NO;
				SWIFT_VERSION = 5.0;
				TARGETED_DEVICE_FAMILY = "1,2";
				TEST_HOST = "$(BUILT_PRODUCTS_DIR)/iOS Project Test.app/iOS Project Test";
			};
			name = Debug;
		};
		D316DB1E27231859000C2FE9 /* Release */ = {
			isa = XCBuildConfiguration;
			buildSettings = {
				ALWAYS_EMBED_SWIFT_STANDARD_LIBRARIES = YES;
				BUNDLE_LOADER = "$(TEST_HOST)";
				CODE_SIGN_STYLE = Automatic;
				CURRENT_PROJECT_VERSION = 1;
				GENERATE_INFOPLIST_FILE = YES;
				IPHONEOS_DEPLOYMENT_TARGET = 15.0;
				LD_RUNPATH_SEARCH_PATHS = (
					"$(inherited)",
					"@executable_path/Frameworks",
					"@loader_path/Frameworks",
				);
				MARKETING_VERSION = 1.0;
				PRODUCT_BUNDLE_IDENTIFIER = "design.ardyan.iOS-Project-TestTests";
				PRODUCT_NAME = "$(TARGET_NAME)";
				SWIFT_EMIT_LOC_STRINGS = NO;
				SWIFT_VERSION = 5.0;
				TARGETED_DEVICE_FAMILY = "1,2";
				TEST_HOST = "$(BUILT_PRODUCTS_DIR)/iOS Project Test.app/iOS Project Test";
			};
			name = Release;
		};
		D316DB2027231859000C2FE9 /* Debug */ = {
			isa = XCBuildConfiguration;
			buildSettings = {
				ALWAYS_EMBED_SWIFT_STANDARD_LIBRARIES = YES;
				CODE_SIGN_STYLE = Automatic;
				CURRENT_PROJECT_VERSION = 1;
				GENERATE_INFOPLIST_FILE = YES;
				LD_RUNPATH_SEARCH_PATHS = (
					"$(inherited)",
					"@executable_path/Frameworks",
					"@loader_path/Frameworks",
				);
				MARKETING_VERSION = 1.0;
				PRODUCT_BUNDLE_IDENTIFIER = "design.ardyan.iOS-Project-TestUITests";
				PRODUCT_NAME = "$(TARGET_NAME)";
				SWIFT_EMIT_LOC_STRINGS = NO;
				SWIFT_VERSION = 5.0;
				TARGETED_DEVICE_FAMILY = "1,2";
				TEST_TARGET_NAME = "iOS Project Test";
			};
			name = Debug;
		};
		D316DB2127231859000C2FE9 /* Release */ = {
			isa = XCBuildConfiguration;
			buildSettings = {
				ALWAYS_EMBED_SWIFT_STANDARD_LIBRARIES = YES;
				CODE_SIGN_STYLE = Automatic;
				CURRENT_PROJECT_VERSION = 1;
				GENERATE_INFOPLIST_FILE = YES;
				LD_RUNPATH_SEARCH_PATHS = (
					"$(inherited)",
					"@executable_path/Frameworks",
					"@loader_path/Frameworks",
				);
				MARKETING_VERSION = 1.0;
				PRODUCT_BUNDLE_IDENTIFIER = "design.ardyan.iOS-Project-TestUITests";
				PRODUCT_NAME = "$(TARGET_NAME)";
				SWIFT_EMIT_LOC_STRINGS = NO;
				SWIFT_VERSION = 5.0;
				TARGETED_DEVICE_FAMILY = "1,2";
				TEST_TARGET_NAME = "iOS Project Test";
			};
			name = Release;
		};
/* End XCBuildConfiguration section */

/* Begin XCConfigurationList section */
		D316DAEA27231858000C2FE9 /* Build configuration list for PBXProject "iOS Project Test" */ = {
			isa = XCConfigurationList;
			buildConfigurations = (
				D316DB1727231859000C2FE9 /* Debug */,
				D316DB1827231859000C2FE9 /* Release */,
			);
			defaultConfigurationIsVisible = 0;
			defaultConfigurationName = Release;
		};
		D316DB1927231859000C2FE9 /* Build configuration list for PBXNativeTarget "iOS Project Test" */ = {
			isa = XCConfigurationList;
			buildConfigurations = (
				D316DB1A27231859000C2FE9 /* Debug */,
				D316DB1B27231859000C2FE9 /* Release */,
			);
			defaultConfigurationIsVisible = 0;
			defaultConfigurationName = Release;
		};
		D316DB1C27231859000C2FE9 /* Build configuration list for PBXNativeTarget "iOS Project TestTests" */ = {
			isa = XCConfigurationList;
			buildConfigurations = (
				D316DB1D27231859000C2FE9 /* Debug */,
				D316DB1E27231859000C2FE9 /* Release */,
			);
			defaultConfigurationIsVisible = 0;
			defaultConfigurationName = Release;
		};
		D316DB1F27231859000C2FE9 /* Build configuration list for PBXNativeTarget "iOS Project TestUITests" */ = {
			isa = XCConfigurationList;
			buildConfigurations = (
				D316DB2027231859000C2FE9 /* Debug */,
				D316DB2127231859000C2FE9 /* Release */,
			);
			defaultConfigurationIsVisible = 0;
			defaultConfigurationName = Release;
		};
/* End XCConfigurationList section */
	};
	rootObject = D316DAE727231858000C2FE9 /* Project object */;
}
