// !$*UTF8*$!
{
	archiveVersion = 1;
	classes = {
	};
	objectVersion = 55;
	objects = {

/* Begin PBXBuildFile section */
		4B3720C1AA0EBC84D7F77DC4 /* Pods_iOS_Project_Test_iOS_Project_TestUITests.framework in Frameworks */ = {isa = PBXBuildFile; fileRef = 0688EA5B5040F888514E5CD2 /* Pods_iOS_Project_Test_iOS_Project_TestUITests.framework */; };
		8EE16AD0097A9802B31759B3 /* Pods_iOS_Project_Test.framework in Frameworks */ = {isa = PBXBuildFile; fileRef = 1D2B108EE7A653B84146A7D3 /* Pods_iOS_Project_Test.framework */; };
		AC368BEC036D2F1B8D721FAE /* Pods_iOS_Project_TestTests.framework in Frameworks */ = {isa = PBXBuildFile; fileRef = 58DB8E6473C9128B3C5EDCF0 /* Pods_iOS_Project_TestTests.framework */; };
		D316DAF327231858000C2FE9 /* AppDelegate.swift in Sources */ = {isa = PBXBuildFile; fileRef = D316DAF227231858000C2FE9 /* AppDelegate.swift */; };
		D316DAF527231858000C2FE9 /* SceneDelegate.swift in Sources */ = {isa = PBXBuildFile; fileRef = D316DAF427231858000C2FE9 /* SceneDelegate.swift */; };
		D316DAF727231858000C2FE9 /* CarouselViewController.swift in Sources */ = {isa = PBXBuildFile; fileRef = D316DAF627231858000C2FE9 /* CarouselViewController.swift */; };
		D316DAFA27231858000C2FE9 /* Main.storyboard in Resources */ = {isa = PBXBuildFile; fileRef = D316DAF827231858000C2FE9 /* Main.storyboard */; };
		D316DAFC27231859000C2FE9 /* Assets.xcassets in Resources */ = {isa = PBXBuildFile; fileRef = D316DAFB27231859000C2FE9 /* Assets.xcassets */; };
		D316DAFF27231859000C2FE9 /* LaunchScreen.storyboard in Resources */ = {isa = PBXBuildFile; fileRef = D316DAFD27231859000C2FE9 /* LaunchScreen.storyboard */; };
		D316DB0A27231859000C2FE9 /* iOS_Project_TestTests.swift in Sources */ = {isa = PBXBuildFile; fileRef = D316DB0927231859000C2FE9 /* iOS_Project_TestTests.swift */; };
		D316DB1427231859000C2FE9 /* iOS_Project_TestUITests.swift in Sources */ = {isa = PBXBuildFile; fileRef = D316DB1327231859000C2FE9 /* iOS_Project_TestUITests.swift */; };
		D316DB1627231859000C2FE9 /* iOS_Project_TestUITestsLaunchTests.swift in Sources */ = {isa = PBXBuildFile; fileRef = D316DB1527231859000C2FE9 /* iOS_Project_TestUITestsLaunchTests.swift */; };
		D316DB2627231AB2000C2FE9 /* NewsArticleAPI.swift in Sources */ = {isa = PBXBuildFile; fileRef = D316DB2527231AB2000C2FE9 /* NewsArticleAPI.swift */; };
		D316DB2827231C80000C2FE9 /* NewsModel.swift in Sources */ = {isa = PBXBuildFile; fileRef = D316DB2727231C80000C2FE9 /* NewsModel.swift */; };
		D316DB2B2723B3BB000C2FE9 /* NewsCollectionViewCell.swift in Sources */ = {isa = PBXBuildFile; fileRef = D316DB292723B3BB000C2FE9 /* NewsCollectionViewCell.swift */; };
		D316DB2C2723B3BB000C2FE9 /* NewsCollectionViewCell.xib in Resources */ = {isa = PBXBuildFile; fileRef = D316DB2A2723B3BB000C2FE9 /* NewsCollectionViewCell.xib */; };
		D388546B27257F7400C71622 /* DetailViewController.swift in Sources */ = {isa = PBXBuildFile; fileRef = D388546A27257F7400C71622 /* DetailViewController.swift */; };
		D388547027264CB400C71622 /* NewsCollectionViewModel.swift in Sources */ = {isa = PBXBuildFile; fileRef = D388546F27264CB400C71622 /* NewsCollectionViewModel.swift */; };
/* End PBXBuildFile section */

/* Begin PBXContainerItemProxy section */
		D316DB0627231859000C2FE9 /* PBXContainerItemProxy */ = {
			isa = PBXContainerItemProxy;
			containerPortal = D316DAE727231858000C2FE9 /* Project object */;
			proxyType = 1;
			remoteGlobalIDString = D316DAEE27231858000C2FE9;
			remoteInfo = "iOS Project Test";
		};
		D316DB1027231859000C2FE9 /* PBXContainerItemProxy */ = {
			isa = PBXContainerItemProxy;
			containerPortal = D316DAE727231858000C2FE9 /* Project object */;
			proxyType = 1;
			remoteGlobalIDString = D316DAEE27231858000C2FE9;
			remoteInfo = "iOS Project Test";
		};
/* End PBXContainerItemProxy section */

/* Begin PBXFileReference section */
		02B97092C410ABF3BD921BFE /* Pods-iOS Project Test-iOS Project TestUITests.debug.xcconfig */ = {isa = PBXFileReference; includeInIndex = 1; lastKnownFileType = text.xcconfig; name = "Pods-iOS Project Test-iOS Project TestUITests.debug.xcconfig"; path = "Target Support Files/Pods-iOS Project Test-iOS Project TestUITests/Pods-iOS Project Test-iOS Project TestUITests.debug.xcconfig"; sourceTree = "<group>"; };
		0688EA5B5040F888514E5CD2 /* Pods_iOS_Project_Test_iOS_Project_TestUITests.framework */ = {isa = PBXFileReference; explicitFileType = wrapper.framework; includeInIndex = 0; path = Pods_iOS_Project_Test_iOS_Project_TestUITests.framework; sourceTree = BUILT_PRODUCTS_DIR; };
		08148385213A0715149D3092 /* Pods-iOS Project Test.debug.xcconfig */ = {isa = PBXFileReference; includeInIndex = 1; lastKnownFileType = text.xcconfig; name = "Pods-iOS Project Test.debug.xcconfig"; path = "Target Support Files/Pods-iOS Project Test/Pods-iOS Project Test.debug.xcconfig"; sourceTree = "<group>"; };
		1D2B108EE7A653B84146A7D3 /* Pods_iOS_Project_Test.framework */ = {isa = PBXFileReference; explicitFileType = wrapper.framework; includeInIndex = 0; path = Pods_iOS_Project_Test.framework; sourceTree = BUILT_PRODUCTS_DIR; };
		21CE0EDDC1B7E51D245D1DCA /* Pods-iOS Project TestTests.debug.xcconfig */ = {isa = PBXFileReference; includeInIndex = 1; lastKnownFileType = text.xcconfig; name = "Pods-iOS Project TestTests.debug.xcconfig"; path = "Target Support Files/Pods-iOS Project TestTests/Pods-iOS Project TestTests.debug.xcconfig"; sourceTree = "<group>"; };
		329A6D262AAFCB123BCEC554 /* Pods-iOS Project TestTests.release.xcconfig */ = {isa = PBXFileReference; includeInIndex = 1; lastKnownFileType = text.xcconfig; name = "Pods-iOS Project TestTests.release.xcconfig"; path = "Target Support Files/Pods-iOS Project TestTests/Pods-iOS Project TestTests.release.xcconfig"; sourceTree = "<group>"; };
		58DB8E6473C9128B3C5EDCF0 /* Pods_iOS_Project_TestTests.framework */ = {isa = PBXFileReference; explicitFileType = wrapper.framework; includeInIndex = 0; path = Pods_iOS_Project_TestTests.framework; sourceTree = BUILT_PRODUCTS_DIR; };
		AD6CE8E18F7C1932ADD259C4 /* Pods-iOS Project Test-iOS Project TestUITests.release.xcconfig */ = {isa = PBXFileReference; includeInIndex = 1; lastKnownFileType = text.xcconfig; name = "Pods-iOS Project Test-iOS Project TestUITests.release.xcconfig"; path = "Target Support Files/Pods-iOS Project Test-iOS Project TestUITests/Pods-iOS Project Test-iOS Project TestUITests.release.xcconfig"; sourceTree = "<group>"; };
		D316DAEF27231858000C2FE9 /* iOS Project Test.app */ = {isa = PBXFileReference; explicitFileType = wrapper.application; includeInIndex = 0; path = "iOS Project Test.app"; sourceTree = BUILT_PRODUCTS_DIR; };
		D316DAF227231858000C2FE9 /* AppDelegate.swift */ = {isa = PBXFileReference; lastKnownFileType = sourcecode.swift; path = AppDelegate.swift; sourceTree = "<group>"; };
		D316DAF427231858000C2FE9 /* SceneDelegate.swift */ = {isa = PBXFileReference; lastKnownFileType = sourcecode.swift; path = SceneDelegate.swift; sourceTree = "<group>"; };
		D316DAF627231858000C2FE9 /* CarouselViewController.swift */ = {isa = PBXFileReference; lastKnownFileType = sourcecode.swift; path = CarouselViewController.swift; sourceTree = "<group>"; };
		D316DAF927231858000C2FE9 /* Base */ = {isa = PBXFileReference; lastKnownFileType = file.storyboard; name = Base; path = Base.lproj/Main.storyboard; sourceTree = "<group>"; };
		D316DAFB27231859000C2FE9 /* Assets.xcassets */ = {isa = PBXFileReference; lastKnownFileType = folder.assetcatalog; path = Assets.xcassets; sourceTree = "<group>"; };
		D316DAFE27231859000C2FE9 /* Base */ = {isa = PBXFileReference; lastKnownFileType = file.storyboard; name = Base; path = Base.lproj/LaunchScreen.storyboard; sourceTree = "<group>"; };
		D316DB0027231859000C2FE9 /* Info.plist */ = {isa = PBXFileReference; lastKnownFileType = text.plist.xml; path = Info.plist; sourceTree = "<group>"; };
		D316DB0527231859000C2FE9 /* iOS Project TestTests.xctest */ = {isa = PBXFileReference; explicitFileType = wrapper.cfbundle; includeInIndex = 0; path = "iOS Project TestTests.xctest"; sourceTree = BUILT_PRODUCTS_DIR; };
		D316DB0927231859000C2FE9 /* iOS_Project_TestTests.swift */ = {isa = PBXFileReference; lastKnownFileType = sourcecode.swift; path = iOS_Project_TestTests.swift; sourceTree = "<group>"; };
		D316DB0F27231859000C2FE9 /* iOS Project TestUITests.xctest */ = {isa = PBXFileReference; explicitFileType = wrapper.cfbundle; includeInIndex = 0; path = "iOS Project TestUITests.xctest"; sourceTree = BUILT_PRODUCTS_DIR; };
		D316DB1327231859000C2FE9 /* iOS_Project_TestUITests.swift */ = {isa = PBXFileReference; lastKnownFileType = sourcecode.swift; path = iOS_Project_TestUITests.swift; sourceTree = "<group>"; };
		D316DB1527231859000C2FE9 /* iOS_Project_TestUITestsLaunchTests.swift */ = {isa = PBXFileReference; lastKnownFileType = sourcecode.swift; path = iOS_Project_TestUITestsLaunchTests.swift; sourceTree = "<group>"; };
		D316DB2527231AB2000C2FE9 /* NewsArticleAPI.swift */ = {isa = PBXFileReference; lastKnownFileType = sourcecode.swift; path = NewsArticleAPI.swift; sourceTree = "<group>"; };
		D316DB2727231C80000C2FE9 /* NewsModel.swift */ = {isa = PBXFileReference; lastKnownFileType = sourcecode.swift; path = NewsModel.swift; sourceTree = "<group>"; };
		D316DB292723B3BB000C2FE9 /* NewsCollectionViewCell.swift */ = {isa = PBXFileReference; lastKnownFileType = sourcecode.swift; path = NewsCollectionViewCell.swift; sourceTree = "<group>"; };
		D316DB2A2723B3BB000C2FE9 /* NewsCollectionViewCell.xib */ = {isa = PBXFileReference; lastKnownFileType = file.xib; path = NewsCollectionViewCell.xib; sourceTree = "<group>"; };
		D388546A27257F7400C71622 /* DetailViewController.swift */ = {isa = PBXFileReference; lastKnownFileType = sourcecode.swift; path = DetailViewController.swift; sourceTree = "<group>"; };
		D388546F27264CB400C71622 /* NewsCollectionViewModel.swift */ = {isa = PBXFileReference; lastKnownFileType = sourcecode.swift; path = NewsCollectionViewModel.swift; sourceTree = "<group>"; };
		DB555DE0F4884CFA804D02FE /* Pods-iOS Project Test.release.xcconfig */ = {isa = PBXFileReference; includeInIndex = 1; lastKnownFileType = text.xcconfig; name = "Pods-iOS Project Test.release.xcconfig"; path = "Target Support Files/Pods-iOS Project Test/Pods-iOS Project Test.release.xcconfig"; sourceTree = "<group>"; };
/* End PBXFileReference section */

/* Begin PBXFrameworksBuildPhase section */
		D316DAEC27231858000C2FE9 /* Frameworks */ = {
			isa = PBXFrameworksBuildPhase;
			buildActionMask = 2147483647;
			files = (
				8EE16AD0097A9802B31759B3 /* Pods_iOS_Project_Test.framework in Frameworks */,
			);
			runOnlyForDeploymentPostprocessing = 0;
		};
		D316DB0227231859000C2FE9 /* Frameworks */ = {
			isa = PBXFrameworksBuildPhase;
			buildActionMask = 2147483647;
			files = (
				AC368BEC036D2F1B8D721FAE /* Pods_iOS_Project_TestTests.framework in Frameworks */,
			);
			runOnlyForDeploymentPostprocessing = 0;
		};
		D316DB0C27231859000C2FE9 /* Frameworks */ = {
			isa = PBXFrameworksBuildPhase;
			buildActionMask = 2147483647;
			files = (
				4B3720C1AA0EBC84D7F77DC4 /* Pods_iOS_Project_Test_iOS_Project_TestUITests.framework in Frameworks */,
			);
			runOnlyForDeploymentPostprocessing = 0;
		};
/* End PBXFrameworksBuildPhase section */

/* Begin PBXGroup section */
		17BAE986BEB00BB74FB8B564 /* Frameworks */ = {
			isa = PBXGroup;
			children = (
				1D2B108EE7A653B84146A7D3 /* Pods_iOS_Project_Test.framework */,
				0688EA5B5040F888514E5CD2 /* Pods_iOS_Project_Test_iOS_Project_TestUITests.framework */,
				58DB8E6473C9128B3C5EDCF0 /* Pods_iOS_Project_TestTests.framework */,
			);
			name = Frameworks;
			sourceTree = "<group>";
		};
		4519A5E859C2A9A4AF631565 /* Pods */ = {
			isa = PBXGroup;
			children = (
				08148385213A0715149D3092 /* Pods-iOS Project Test.debug.xcconfig */,
				DB555DE0F4884CFA804D02FE /* Pods-iOS Project Test.release.xcconfig */,
				02B97092C410ABF3BD921BFE /* Pods-iOS Project Test-iOS Project TestUITests.debug.xcconfig */,
				AD6CE8E18F7C1932ADD259C4 /* Pods-iOS Project Test-iOS Project TestUITests.release.xcconfig */,
				21CE0EDDC1B7E51D245D1DCA /* Pods-iOS Project TestTests.debug.xcconfig */,
				329A6D262AAFCB123BCEC554 /* Pods-iOS Project TestTests.release.xcconfig */,
			);
			path = Pods;
			sourceTree = "<group>";
		};
		D316DAE627231858000C2FE9 = {
			isa = PBXGroup;
			children = (
				D316DAF127231858000C2FE9 /* iOS Project Test */,
				D316DB0827231859000C2FE9 /* iOS Project TestTests */,
				D316DB1227231859000C2FE9 /* iOS Project TestUITests */,
				D316DAF027231858000C2FE9 /* Products */,
				4519A5E859C2A9A4AF631565 /* Pods */,
				17BAE986BEB00BB74FB8B564 /* Frameworks */,
			);
			sourceTree = "<group>";
		};
		D316DAF027231858000C2FE9 /* Products */ = {
			isa = PBXGroup;
			children = (
				D316DAEF27231858000C2FE9 /* iOS Project Test.app */,
				D316DB0527231859000C2FE9 /* iOS Project TestTests.xctest */,
				D316DB0F27231859000C2FE9 /* iOS Project TestUITests.xctest */,
			);
			name = Products;
			sourceTree = "<group>";
		};
		D316DAF127231858000C2FE9 /* iOS Project Test */ = {
			isa = PBXGroup;
			children = (
				D388547127264CD400C71622 /* Controllers */,
				D388546E27264C1900C71622 /* Common */,
				D316DB2327231A83000C2FE9 /* API Services */,
				D316DB2427231A8D000C2FE9 /* ViewModels */,
				D316DB2227231A75000C2FE9 /* Models */,
				D316DB292723B3BB000C2FE9 /* NewsCollectionViewCell.swift */,
				D316DAF827231858000C2FE9 /* Main.storyboard */,
				D316DAFD27231859000C2FE9 /* LaunchScreen.storyboard */,
				D316DB2A2723B3BB000C2FE9 /* NewsCollectionViewCell.xib */,
				D316DAFB27231859000C2FE9 /* Assets.xcassets */,
				D316DB0027231859000C2FE9 /* Info.plist */,
			);
			path = "iOS Project Test";
			sourceTree = "<group>";
		};
		D316DB0827231859000C2FE9 /* iOS Project TestTests */ = {
			isa = PBXGroup;
			children = (
				D316DB0927231859000C2FE9 /* iOS_Project_TestTests.swift */,
			);
			path = "iOS Project TestTests";
			sourceTree = "<group>";
		};
		D316DB1227231859000C2FE9 /* iOS Project TestUITests */ = {
			isa = PBXGroup;
			children = (
				D316DB1327231859000C2FE9 /* iOS_Project_TestUITests.swift */,
				D316DB1527231859000C2FE9 /* iOS_Project_TestUITestsLaunchTests.swift */,
			);
			path = "iOS Project TestUITests";
			sourceTree = "<group>";
		};
		D316DB2227231A75000C2FE9 /* Models */ = {
			isa = PBXGroup;
			children = (
				D316DB2727231C80000C2FE9 /* NewsModel.swift */,
			);
			path = Models;
			sourceTree = "<group>";
		};
		D316DB2327231A83000C2FE9 /* API Services */ = {
			isa = PBXGroup;
			children = (
				D316DB2527231AB2000C2FE9 /* NewsArticleAPI.swift */,
			);
			path = "API Services";
			sourceTree = "<group>";
		};
		D316DB2427231A8D000C2FE9 /* ViewModels */ = {
			isa = PBXGroup;
			children = (
				D388546F27264CB400C71622 /* NewsCollectionViewModel.swift */,
			);
			path = ViewModels;
			sourceTree = "<group>";
		};
		D388546E27264C1900C71622 /* Common */ = {
			isa = PBXGroup;
			children = (
				D316DAF227231858000C2FE9 /* AppDelegate.swift */,
				D316DAF427231858000C2FE9 /* SceneDelegate.swift */,
			);
			path = Common;
			sourceTree = "<group>";
		};
		D388547127264CD400C71622 /* Controllers */ = {
			isa = PBXGroup;
			children = (
				D316DAF627231858000C2FE9 /* CarouselViewController.swift */,
				D388546A27257F7400C71622 /* DetailViewController.swift */,
			);
			path = Controllers;
			sourceTree = "<group>";
		};
/* End PBXGroup section */

/* Begin PBXNativeTarget section */
		D316DAEE27231858000C2FE9 /* iOS Project Test */ = {
			isa = PBXNativeTarget;
			buildConfigurationList = D316DB1927231859000C2FE9 /* Build configuration list for PBXNativeTarget "iOS Project Test" */;
			buildPhases = (
				4133164481CD8FD6474A421E /* [CP] Check Pods Manifest.lock */,
				D316DAEB27231858000C2FE9 /* Sources */,
				D316DAEC27231858000C2FE9 /* Frameworks */,
				D316DAED27231858000C2FE9 /* Resources */,
				0DF980278AB2D7F4B3EB2997 /* [CP] Embed Pods Frameworks */,
			);
			buildRules = (
			);
			dependencies = (
			);
			name = "iOS Project Test";
			productName = "iOS Project Test";
			productReference = D316DAEF27231858000C2FE9 /* iOS Project Test.app */;
			productType = "com.apple.product-type.application";
		};
		D316DB0427231859000C2FE9 /* iOS Project TestTests */ = {
			isa = PBXNativeTarget;
			buildConfigurationList = D316DB1C27231859000C2FE9 /* Build configuration list for PBXNativeTarget "iOS Project TestTests" */;
			buildPhases = (
				74D55DC7774A13FA776D34B7 /* [CP] Check Pods Manifest.lock */,
				D316DB0127231859000C2FE9 /* Sources */,
				D316DB0227231859000C2FE9 /* Frameworks */,
				D316DB0327231859000C2FE9 /* Resources */,
			);
			buildRules = (
			);
			dependencies = (
				D316DB0727231859000C2FE9 /* PBXTargetDependency */,
			);
			name = "iOS Project TestTests";
			productName = "iOS Project TestTests";
			productReference = D316DB0527231859000C2FE9 /* iOS Project TestTests.xctest */;
			productType = "com.apple.product-type.bundle.unit-test";
		};
		D316DB0E27231859000C2FE9 /* iOS Project TestUITests */ = {
			isa = PBXNativeTarget;
			buildConfigurationList = D316DB1F27231859000C2FE9 /* Build configuration list for PBXNativeTarget "iOS Project TestUITests" */;
			buildPhases = (
				EC0133451809365727190F56 /* [CP] Check Pods Manifest.lock */,
				D316DB0B27231859000C2FE9 /* Sources */,
				D316DB0C27231859000C2FE9 /* Frameworks */,
				D316DB0D27231859000C2FE9 /* Resources */,
				440759FDC2AD665977404F60 /* [CP] Embed Pods Frameworks */,
			);
			buildRules = (
			);
			dependencies = (
				D316DB1127231859000C2FE9 /* PBXTargetDependency */,
			);
			name = "iOS Project TestUITests";
			productName = "iOS Project TestUITests";
			productReference = D316DB0F27231859000C2FE9 /* iOS Project TestUITests.xctest */;
			productType = "com.apple.product-type.bundle.ui-testing";
		};
/* End PBXNativeTarget section */

/* Begin PBXProject section */
		D316DAE727231858000C2FE9 /* Project object */ = {
			isa = PBXProject;
			attributes = {
				BuildIndependentTargetsInParallel = 1;
				LastSwiftUpdateCheck = 1300;
				LastUpgradeCheck = 1300;
				TargetAttributes = {
					D316DAEE27231858000C2FE9 = {
						CreatedOnToolsVersion = 13.0;
					};
					D316DB0427231859000C2FE9 = {
						CreatedOnToolsVersion = 13.0;
						TestTargetID = D316DAEE27231858000C2FE9;
					};
					D316DB0E27231859000C2FE9 = {
						CreatedOnToolsVersion = 13.0;
						TestTargetID = D316DAEE27231858000C2FE9;
					};
				};
			};
			buildConfigurationList = D316DAEA27231858000C2FE9 /* Build configuration list for PBXProject "iOS Project Test" */;
			compatibilityVersion = "Xcode 13.0";
			developmentRegion = en;
			hasScannedForEncodings = 0;
			knownRegions = (
				en,
				Base,
			);
			mainGroup = D316DAE627231858000C2FE9;
			productRefGroup = D316DAF027231858000C2FE9 /* Products */;
			projectDirPath = "";
			projectRoot = "";
			targets = (
				D316DAEE27231858000C2FE9 /* iOS Project Test */,
				D316DB0427231859000C2FE9 /* iOS Project TestTests */,
				D316DB0E27231859000C2FE9 /* iOS Project TestUITests */,
			);
		};
/* End PBXProject section */

/* Begin PBXResourcesBuildPhase section */
		D316DAED27231858000C2FE9 /* Resources */ = {
			isa = PBXResourcesBuildPhase;
			buildActionMask = 2147483647;
			files = (
				D316DAFF27231859000C2FE9 /* LaunchScreen.storyboard in Resources */,
				D316DAFC27231859000C2FE9 /* Assets.xcassets in Resources */,
				D316DAFA27231858000C2FE9 /* Main.storyboard in Resources */,
				D316DB2C2723B3BB000C2FE9 /* NewsCollectionViewCell.xib in Resources */,
			);
			runOnlyForDeploymentPostprocessing = 0;
		};
		D316DB0327231859000C2FE9 /* Resources */ = {
			isa = PBXResourcesBuildPhase;
			buildActionMask = 2147483647;
			files = (
			);
			runOnlyForDeploymentPostprocessing = 0;
		};
		D316DB0D27231859000C2FE9 /* Resources */ = {
			isa = PBXResourcesBuildPhase;
			buildActionMask = 2147483647;
			files = (
			);
			runOnlyForDeploymentPostprocessing = 0;
		};
/* End PBXResourcesBuildPhase section */

/* Begin PBXShellScriptBuildPhase section */
		0DF980278AB2D7F4B3EB2997 /* [CP] Embed Pods Frameworks */ = {
			isa = PBXShellScriptBuildPhase;
			buildActionMask = 2147483647;
			files = (
			);
			inputFileListPaths = (
				"${PODS_ROOT}/Target Support Files/Pods-iOS Project Test/Pods-iOS Project Test-frameworks-${CONFIGURATION}-input-files.xcfilelist",
			);
			name = "[CP] Embed Pods Frameworks";
			outputFileListPaths = (
				"${PODS_ROOT}/Target Support Files/Pods-iOS Project Test/Pods-iOS Project Test-frameworks-${CONFIGURATION}-output-files.xcfilelist",
			);
			runOnlyForDeploymentPostprocessing = 0;
			shellPath = /bin/sh;
			shellScript = "\"${PODS_ROOT}/Target Support Files/Pods-iOS Project Test/Pods-iOS Project Test-frameworks.sh\"\n";
			showEnvVarsInLog = 0;
		};
		4133164481CD8FD6474A421E /* [CP] Check Pods Manifest.lock */ = {
			isa = PBXShellScriptBuildPhase;
			buildActionMask = 2147483647;
			files = (
			);
			inputFileListPaths = (
			);
			inputPaths = (
				"${PODS_PODFILE_DIR_PATH}/Podfile.lock",
				"${PODS_ROOT}/Manifest.lock",
			);
			name = "[CP] Check Pods Manifest.lock";
			outputFileListPaths = (
			);
			outputPaths = (
				"$(DERIVED_FILE_DIR)/Pods-iOS Project Test-checkManifestLockResult.txt",
			);
			runOnlyForDeploymentPostprocessing = 0;
			shellPath = /bin/sh;
			shellScript = "diff \"${PODS_PODFILE_DIR_PATH}/Podfile.lock\" \"${PODS_ROOT}/Manifest.lock\" > /dev/null\nif [ $? != 0 ] ; then\n    # print error to STDERR\n    echo \"error: The sandbox is not in sync with the Podfile.lock. Run 'pod install' or update your CocoaPods installation.\" >&2\n    exit 1\nfi\n# This output is used by Xcode 'outputs' to avoid re-running this script phase.\necho \"SUCCESS\" > \"${SCRIPT_OUTPUT_FILE_0}\"\n";
			showEnvVarsInLog = 0;
		};
		440759FDC2AD665977404F60 /* [CP] Embed Pods Frameworks */ = {
			isa = PBXShellScriptBuildPhase;
			buildActionMask = 2147483647;
			files = (
			);
			inputFileListPaths = (
				"${PODS_ROOT}/Target Support Files/Pods-iOS Project Test-iOS Project TestUITests/Pods-iOS Project Test-iOS Project TestUITests-frameworks-${CONFIGURATION}-input-files.xcfilelist",
			);
			name = "[CP] Embed Pods Frameworks";
			outputFileListPaths = (
				"${PODS_ROOT}/Target Support Files/Pods-iOS Project Test-iOS Project TestUITests/Pods-iOS Project Test-iOS Project TestUITests-frameworks-${CONFIGURATION}-output-files.xcfilelist",
			);
			runOnlyForDeploymentPostprocessing = 0;
			shellPath = /bin/sh;
			shellScript = "\"${PODS_ROOT}/Target Support Files/Pods-iOS Project Test-iOS Project TestUITests/Pods-iOS Project Test-iOS Project TestUITests-frameworks.sh\"\n";
			showEnvVarsInLog = 0;
		};
		74D55DC7774A13FA776D34B7 /* [CP] Check Pods Manifest.lock */ = {
			isa = PBXShellScriptBuildPhase;
			buildActionMask = 2147483647;
			files = (
			);
			inputFileListPaths = (
			);
			inputPaths = (
				"${PODS_PODFILE_DIR_PATH}/Podfile.lock",
				"${PODS_ROOT}/Manifest.lock",
			);
			name = "[CP] Check Pods Manifest.lock";
			outputFileListPaths = (
			);
			outputPaths = (
				"$(DERIVED_FILE_DIR)/Pods-iOS Project TestTests-checkManifestLockResult.txt",
			);
			runOnlyForDeploymentPostprocessing = 0;
			shellPath = /bin/sh;
			shellScript = "diff \"${PODS_PODFILE_DIR_PATH}/Podfile.lock\" \"${PODS_ROOT}/Manifest.lock\" > /dev/null\nif [ $? != 0 ] ; then\n    # print error to STDERR\n    echo \"error: The sandbox is not in sync with the Podfile.lock. Run 'pod install' or update your CocoaPods installation.\" >&2\n    exit 1\nfi\n# This output is used by Xcode 'outputs' to avoid re-running this script phase.\necho \"SUCCESS\" > \"${SCRIPT_OUTPUT_FILE_0}\"\n";
			showEnvVarsInLog = 0;
		};
		EC0133451809365727190F56 /* [CP] Check Pods Manifest.lock */ = {
			isa = PBXShellScriptBuildPhase;
			buildActionMask = 2147483647;
			files = (
			);
			inputFileListPaths = (
			);
			inputPaths = (
				"${PODS_PODFILE_DIR_PATH}/Podfile.lock",
				"${PODS_ROOT}/Manifest.lock",
			);
			name = "[CP] Check Pods Manifest.lock";
			outputFileListPaths = (
			);
			outputPaths = (
				"$(DERIVED_FILE_DIR)/Pods-iOS Project Test-iOS Project TestUITests-checkManifestLockResult.txt",
			);
			runOnlyForDeploymentPostprocessing = 0;
			shellPath = /bin/sh;
			shellScript = "diff \"${PODS_PODFILE_DIR_PATH}/Podfile.lock\" \"${PODS_ROOT}/Manifest.lock\" > /dev/null\nif [ $? != 0 ] ; then\n    # print error to STDERR\n    echo \"error: The sandbox is not in sync with the Podfile.lock. Run 'pod install' or update your CocoaPods installation.\" >&2\n    exit 1\nfi\n# This output is used by Xcode 'outputs' to avoid re-running this script phase.\necho \"SUCCESS\" > \"${SCRIPT_OUTPUT_FILE_0}\"\n";
			showEnvVarsInLog = 0;
		};
/* End PBXShellScriptBuildPhase section */

/* Begin PBXSourcesBuildPhase section */
		D316DAEB27231858000C2FE9 /* Sources */ = {
			isa = PBXSourcesBuildPhase;
			buildActionMask = 2147483647;
			files = (
				D316DAF727231858000C2FE9 /* CarouselViewController.swift in Sources */,
				D316DB2B2723B3BB000C2FE9 /* NewsCollectionViewCell.swift in Sources */,
				D316DB2627231AB2000C2FE9 /* NewsArticleAPI.swift in Sources */,
				D316DAF327231858000C2FE9 /* AppDelegate.swift in Sources */,
				D316DAF527231858000C2FE9 /* SceneDelegate.swift in Sources */,
				D316DB2827231C80000C2FE9 /* NewsModel.swift in Sources */,
				D388547027264CB400C71622 /* NewsCollectionViewModel.swift in Sources */,
				D388546B27257F7400C71622 /* DetailViewController.swift in Sources */,
			);
			runOnlyForDeploymentPostprocessing = 0;
		};
		D316DB0127231859000C2FE9 /* Sources */ = {
			isa = PBXSourcesBuildPhase;
			buildActionMask = 2147483647;
			files = (
				D316DB0A27231859000C2FE9 /* iOS_Project_TestTests.swift in Sources */,
			);
			runOnlyForDeploymentPostprocessing = 0;
		};
		D316DB0B27231859000C2FE9 /* Sources */ = {
			isa = PBXSourcesBuildPhase;
			buildActionMask = 2147483647;
			files = (
				D316DB1627231859000C2FE9 /* iOS_Project_TestUITestsLaunchTests.swift in Sources */,
				D316DB1427231859000C2FE9 /* iOS_Project_TestUITests.swift in Sources */,
			);
			runOnlyForDeploymentPostprocessing = 0;
		};
/* End PBXSourcesBuildPhase section */

/* Begin PBXTargetDependency section */
		D316DB0727231859000C2FE9 /* PBXTargetDependency */ = {
			isa = PBXTargetDependency;
			target = D316DAEE27231858000C2FE9 /* iOS Project Test */;
			targetProxy = D316DB0627231859000C2FE9 /* PBXContainerItemProxy */;
		};
		D316DB1127231859000C2FE9 /* PBXTargetDependency */ = {
			isa = PBXTargetDependency;
			target = D316DAEE27231858000C2FE9 /* iOS Project Test */;
			targetProxy = D316DB1027231859000C2FE9 /* PBXContainerItemProxy */;
		};
/* End PBXTargetDependency section */

/* Begin PBXVariantGroup section */
		D316DAF827231858000C2FE9 /* Main.storyboard */ = {
			isa = PBXVariantGroup;
			children = (
				D316DAF927231858000C2FE9 /* Base */,
			);
			name = Main.storyboard;
			sourceTree = "<group>";
		};
		D316DAFD27231859000C2FE9 /* LaunchScreen.storyboard */ = {
			isa = PBXVariantGroup;
			children = (
				D316DAFE27231859000C2FE9 /* Base */,
			);
			name = LaunchScreen.storyboard;
			sourceTree = "<group>";
		};
/* End PBXVariantGroup section */

/* Begin XCBuildConfiguration section */
		D316DB1727231859000C2FE9 /* Debug */ = {
			isa = XCBuildConfiguration;
			buildSettings = {
				ALWAYS_SEARCH_USER_PATHS = NO;
				CLANG_ANALYZER_NONNULL = YES;
				CLANG_ANALYZER_NUMBER_OBJECT_CONVERSION = YES_AGGRESSIVE;
				CLANG_CXX_LANGUAGE_STANDARD = "gnu++17";
				CLANG_CXX_LIBRARY = "libc++";
				CLANG_ENABLE_MODULES = YES;
				CLANG_ENABLE_OBJC_ARC = YES;
				CLANG_ENABLE_OBJC_WEAK = YES;
				CLANG_WARN_BLOCK_CAPTURE_AUTORELEASING = YES;
				CLANG_WARN_BOOL_CONVERSION = YES;
				CLANG_WARN_COMMA = YES;
				CLANG_WARN_CONSTANT_CONVERSION = YES;
				CLANG_WARN_DEPRECATED_OBJC_IMPLEMENTATIONS = YES;
				CLANG_WARN_DIRECT_OBJC_ISA_USAGE = YES_ERROR;
				CLANG_WARN_DOCUMENTATION_COMMENTS = YES;
				CLANG_WARN_EMPTY_BODY = YES;
				CLANG_WARN_ENUM_CONVERSION = YES;
				CLANG_WARN_INFINITE_RECURSION = YES;
				CLANG_WARN_INT_CONVERSION = YES;
				CLANG_WARN_NON_LITERAL_NULL_CONVERSION = YES;
				CLANG_WARN_OBJC_IMPLICIT_RETAIN_SELF = YES;
				CLANG_WARN_OBJC_LITERAL_CONVERSION = YES;
				CLANG_WARN_OBJC_ROOT_CLASS = YES_ERROR;
				CLANG_WARN_QUOTED_INCLUDE_IN_FRAMEWORK_HEADER = YES;
				CLANG_WARN_RANGE_LOOP_ANALYSIS = YES;
				CLANG_WARN_STRICT_PROTOTYPES = YES;
				CLANG_WARN_SUSPICIOUS_MOVE = YES;
				CLANG_WARN_UNGUARDED_AVAILABILITY = YES_AGGRESSIVE;
				CLANG_WARN_UNREACHABLE_CODE = YES;
				CLANG_WARN__DUPLICATE_METHOD_MATCH = YES;
				COPY_PHASE_STRIP = NO;
				DEBUG_INFORMATION_FORMAT = dwarf;
				ENABLE_STRICT_OBJC_MSGSEND = YES;
				ENABLE_TESTABILITY = YES;
				GCC_C_LANGUAGE_STANDARD = gnu11;
				GCC_DYNAMIC_NO_PIC = NO;
				GCC_NO_COMMON_BLOCKS = YES;
				GCC_OPTIMIZATION_LEVEL = 0;
				GCC_PREPROCESSOR_DEFINITIONS = (
					"DEBUG=1",
					"$(inherited)",
				);
				GCC_WARN_64_TO_32_BIT_CONVERSION = YES;
				GCC_WARN_ABOUT_RETURN_TYPE = YES_ERROR;
				GCC_WARN_UNDECLARED_SELECTOR = YES;
				GCC_WARN_UNINITIALIZED_AUTOS = YES_AGGRESSIVE;
				GCC_WARN_UNUSED_FUNCTION = YES;
				GCC_WARN_UNUSED_VARIABLE = YES;
				IPHONEOS_DEPLOYMENT_TARGET = 15.0;
				MTL_ENABLE_DEBUG_INFO = INCLUDE_SOURCE;
				MTL_FAST_MATH = YES;
				ONLY_ACTIVE_ARCH = YES;
				SDKROOT = iphoneos;
				SWIFT_ACTIVE_COMPILATION_CONDITIONS = DEBUG;
				SWIFT_OPTIMIZATION_LEVEL = "-Onone";
			};
			name = Debug;
		};
		D316DB1827231859000C2FE9 /* Release */ = {
			isa = XCBuildConfiguration;
			buildSettings = {
				ALWAYS_SEARCH_USER_PATHS = NO;
				CLANG_ANALYZER_NONNULL = YES;
				CLANG_ANALYZER_NUMBER_OBJECT_CONVERSION = YES_AGGRESSIVE;
				CLANG_CXX_LANGUAGE_STANDARD = "gnu++17";
				CLANG_CXX_LIBRARY = "libc++";
				CLANG_ENABLE_MODULES = YES;
				CLANG_ENABLE_OBJC_ARC = YES;
				CLANG_ENABLE_OBJC_WEAK = YES;
				CLANG_WARN_BLOCK_CAPTURE_AUTORELEASING = YES;
				CLANG_WARN_BOOL_CONVERSION = YES;
				CLANG_WARN_COMMA = YES;
				CLANG_WARN_CONSTANT_CONVERSION = YES;
				CLANG_WARN_DEPRECATED_OBJC_IMPLEMENTATIONS = YES;
				CLANG_WARN_DIRECT_OBJC_ISA_USAGE = YES_ERROR;
				CLANG_WARN_DOCUMENTATION_COMMENTS = YES;
				CLANG_WARN_EMPTY_BODY = YES;
				CLANG_WARN_ENUM_CONVERSION = YES;
				CLANG_WARN_INFINITE_RECURSION = YES;
				CLANG_WARN_INT_CONVERSION = YES;
				CLANG_WARN_NON_LITERAL_NULL_CONVERSION = YES;
				CLANG_WARN_OBJC_IMPLICIT_RETAIN_SELF = YES;
				CLANG_WARN_OBJC_LITERAL_CONVERSION = YES;
				CLANG_WARN_OBJC_ROOT_CLASS = YES_ERROR;
				CLANG_WARN_QUOTED_INCLUDE_IN_FRAMEWORK_HEADER = YES;
				CLANG_WARN_RANGE_LOOP_ANALYSIS = YES;
				CLANG_WARN_STRICT_PROTOTYPES = YES;
				CLANG_WARN_SUSPICIOUS_MOVE = YES;
				CLANG_WARN_UNGUARDED_AVAILABILITY = YES_AGGRESSIVE;
				CLANG_WARN_UNREACHABLE_CODE = YES;
				CLANG_WARN__DUPLICATE_METHOD_MATCH = YES;
				COPY_PHASE_STRIP = NO;
				DEBUG_INFORMATION_FORMAT = "dwarf-with-dsym";
				ENABLE_NS_ASSERTIONS = NO;
				ENABLE_STRICT_OBJC_MSGSEND = YES;
				GCC_C_LANGUAGE_STANDARD = gnu11;
				GCC_NO_COMMON_BLOCKS = YES;
				GCC_WARN_64_TO_32_BIT_CONVERSION = YES;
				GCC_WARN_ABOUT_RETURN_TYPE = YES_ERROR;
				GCC_WARN_UNDECLARED_SELECTOR = YES;
				GCC_WARN_UNINITIALIZED_AUTOS = YES_AGGRESSIVE;
				GCC_WARN_UNUSED_FUNCTION = YES;
				GCC_WARN_UNUSED_VARIABLE = YES;
				IPHONEOS_DEPLOYMENT_TARGET = 15.0;
				MTL_ENABLE_DEBUG_INFO = NO;
				MTL_FAST_MATH = YES;
				SDKROOT = iphoneos;
				SWIFT_COMPILATION_MODE = wholemodule;
				SWIFT_OPTIMIZATION_LEVEL = "-O";
				VALIDATE_PRODUCT = YES;
			};
			name = Release;
		};
		D316DB1A27231859000C2FE9 /* Debug */ = {
			isa = XCBuildConfiguration;
			baseConfigurationReference = 08148385213A0715149D3092 /* Pods-iOS Project Test.debug.xcconfig */;
			buildSettings = {
				ASSETCATALOG_COMPILER_APPICON_NAME = AppIcon;
				ASSETCATALOG_COMPILER_GLOBAL_ACCENT_COLOR_NAME = AccentColor;
				CODE_SIGN_STYLE = Automatic;
				CURRENT_PROJECT_VERSION = 1;
				"EXCLUDED_ARCHS[sdk=*]" = arm64;
				GENERATE_INFOPLIST_FILE = YES;
				INFOPLIST_FILE = "iOS Project Test/Info.plist";
				INFOPLIST_KEY_UIApplicationSupportsIndirectInputEvents = YES;
				INFOPLIST_KEY_UILaunchStoryboardName = LaunchScreen;
				INFOPLIST_KEY_UIMainStoryboardFile = Main;
				INFOPLIST_KEY_UISupportedInterfaceOrientations_iPad = "UIInterfaceOrientationPortrait UIInterfaceOrientationPortraitUpsideDown UIInterfaceOrientationLandscapeLeft UIInterfaceOrientationLandscapeRight";
				INFOPLIST_KEY_UISupportedInterfaceOrientations_iPhone = "UIInterfaceOrientationPortrait UIInterfaceOrientationLandscapeLeft UIInterfaceOrientationLandscapeRight";
				LD_RUNPATH_SEARCH_PATHS = (
					"$(inherited)",
					"@executable_path/Frameworks",
				);
				MARKETING_VERSION = 1.0;
				PRODUCT_BUNDLE_IDENTIFIER = "design.ardyan.iOS-Project-Test";
				PRODUCT_NAME = "$(TARGET_NAME)";
				SWIFT_EMIT_LOC_STRINGS = YES;
				SWIFT_VERSION = 5.0;
				TARGETED_DEVICE_FAMILY = 1;
			};
			name = Debug;
		};
		D316DB1B27231859000C2FE9 /* Release */ = {
			isa = XCBuildConfiguration;
			baseConfigurationReference = DB555DE0F4884CFA804D02FE /* Pods-iOS Project Test.release.xcconfig */;
			buildSettings = {
				ASSETCATALOG_COMPILER_APPICON_NAME = AppIcon;
				ASSETCATALOG_COMPILER_GLOBAL_ACCENT_COLOR_NAME = AccentColor;
				CODE_SIGN_STYLE = Automatic;
				CURRENT_PROJECT_VERSION = 1;
				GENERATE_INFOPLIST_FILE = YES;
				INFOPLIST_FILE = "iOS Project Test/Info.plist";
				INFOPLIST_KEY_UIApplicationSupportsIndirectInputEvents = YES;
				INFOPLIST_KEY_UILaunchStoryboardName = LaunchScreen;
				INFOPLIST_KEY_UIMainStoryboardFile = Main;
				INFOPLIST_KEY_UISupportedInterfaceOrientations_iPad = "UIInterfaceOrientationPortrait UIInterfaceOrientationPortraitUpsideDown UIInterfaceOrientationLandscapeLeft UIInterfaceOrientationLandscapeRight";
				INFOPLIST_KEY_UISupportedInterfaceOrientations_iPhone = "UIInterfaceOrientationPortrait UIInterfaceOrientationLandscapeLeft UIInterfaceOrientationLandscapeRight";
				LD_RUNPATH_SEARCH_PATHS = (
					"$(inherited)",
					"@executable_path/Frameworks",
				);
				MARKETING_VERSION = 1.0;
				PRODUCT_BUNDLE_IDENTIFIER = "design.ardyan.iOS-Project-Test";
				PRODUCT_NAME = "$(TARGET_NAME)";
				SWIFT_EMIT_LOC_STRINGS = YES;
				SWIFT_VERSION = 5.0;
				TARGETED_DEVICE_FAMILY = 1;
			};
			name = Release;
		};
		D316DB1D27231859000C2FE9 /* Debug */ = {
			isa = XCBuildConfiguration;
			baseConfigurationReference = 21CE0EDDC1B7E51D245D1DCA /* Pods-iOS Project TestTests.debug.xcconfig */;
			buildSettings = {
				ALWAYS_EMBED_SWIFT_STANDARD_LIBRARIES = YES;
				BUNDLE_LOADER = "$(TEST_HOST)";
				CODE_SIGN_STYLE = Automatic;
				CURRENT_PROJECT_VERSION = 1;
				GENERATE_INFOPLIST_FILE = YES;
				IPHONEOS_DEPLOYMENT_TARGET = 15.0;
				LD_RUNPATH_SEARCH_PATHS = (
					"$(inherited)",
					"@executable_path/Frameworks",
					"@loader_path/Frameworks",
				);
				MARKETING_VERSION = 1.0;
				PRODUCT_BUNDLE_IDENTIFIER = "design.ardyan.iOS-Project-TestTests";
				PRODUCT_NAME = "$(TARGET_NAME)";
				SWIFT_EMIT_LOC_STRINGS = NO;
				SWIFT_VERSION = 5.0;
				TARGETED_DEVICE_FAMILY = "1,2";
				TEST_HOST = "$(BUILT_PRODUCTS_DIR)/iOS Project Test.app/iOS Project Test";
			};
			name = Debug;
		};
		D316DB1E27231859000C2FE9 /* Release */ = {
			isa = XCBuildConfiguration;
			baseConfigurationReference = 329A6D262AAFCB123BCEC554 /* Pods-iOS Project TestTests.release.xcconfig */;
			buildSettings = {
				ALWAYS_EMBED_SWIFT_STANDARD_LIBRARIES = YES;
				BUNDLE_LOADER = "$(TEST_HOST)";
				CODE_SIGN_STYLE = Automatic;
				CURRENT_PROJECT_VERSION = 1;
				GENERATE_INFOPLIST_FILE = YES;
				IPHONEOS_DEPLOYMENT_TARGET = 15.0;
				LD_RUNPATH_SEARCH_PATHS = (
					"$(inherited)",
					"@executable_path/Frameworks",
					"@loader_path/Frameworks",
				);
				MARKETING_VERSION = 1.0;
				PRODUCT_BUNDLE_IDENTIFIER = "design.ardyan.iOS-Project-TestTests";
				PRODUCT_NAME = "$(TARGET_NAME)";
				SWIFT_EMIT_LOC_STRINGS = NO;
				SWIFT_VERSION = 5.0;
				TARGETED_DEVICE_FAMILY = "1,2";
				TEST_HOST = "$(BUILT_PRODUCTS_DIR)/iOS Project Test.app/iOS Project Test";
			};
			name = Release;
		};
		D316DB2027231859000C2FE9 /* Debug */ = {
			isa = XCBuildConfiguration;
			baseConfigurationReference = 02B97092C410ABF3BD921BFE /* Pods-iOS Project Test-iOS Project TestUITests.debug.xcconfig */;
			buildSettings = {
				ALWAYS_EMBED_SWIFT_STANDARD_LIBRARIES = YES;
				CODE_SIGN_STYLE = Automatic;
				CURRENT_PROJECT_VERSION = 1;
				GENERATE_INFOPLIST_FILE = YES;
				LD_RUNPATH_SEARCH_PATHS = (
					"$(inherited)",
					"@executable_path/Frameworks",
					"@loader_path/Frameworks",
				);
				MARKETING_VERSION = 1.0;
				PRODUCT_BUNDLE_IDENTIFIER = "design.ardyan.iOS-Project-TestUITests";
				PRODUCT_NAME = "$(TARGET_NAME)";
				SWIFT_EMIT_LOC_STRINGS = NO;
				SWIFT_VERSION = 5.0;
				TARGETED_DEVICE_FAMILY = "1,2";
				TEST_TARGET_NAME = "iOS Project Test";
			};
			name = Debug;
		};
		D316DB2127231859000C2FE9 /* Release */ = {
			isa = XCBuildConfiguration;
			baseConfigurationReference = AD6CE8E18F7C1932ADD259C4 /* Pods-iOS Project Test-iOS Project TestUITests.release.xcconfig */;
			buildSettings = {
				ALWAYS_EMBED_SWIFT_STANDARD_LIBRARIES = YES;
				CODE_SIGN_STYLE = Automatic;
				CURRENT_PROJECT_VERSION = 1;
				GENERATE_INFOPLIST_FILE = YES;
				LD_RUNPATH_SEARCH_PATHS = (
					"$(inherited)",
					"@executable_path/Frameworks",
					"@loader_path/Frameworks",
				);
				MARKETING_VERSION = 1.0;
				PRODUCT_BUNDLE_IDENTIFIER = "design.ardyan.iOS-Project-TestUITests";
				PRODUCT_NAME = "$(TARGET_NAME)";
				SWIFT_EMIT_LOC_STRINGS = NO;
				SWIFT_VERSION = 5.0;
				TARGETED_DEVICE_FAMILY = "1,2";
				TEST_TARGET_NAME = "iOS Project Test";
			};
			name = Release;
		};
/* End XCBuildConfiguration section */

/* Begin XCConfigurationList section */
		D316DAEA27231858000C2FE9 /* Build configuration list for PBXProject "iOS Project Test" */ = {
			isa = XCConfigurationList;
			buildConfigurations = (
				D316DB1727231859000C2FE9 /* Debug */,
				D316DB1827231859000C2FE9 /* Release */,
			);
			defaultConfigurationIsVisible = 0;
			defaultConfigurationName = Release;
		};
		D316DB1927231859000C2FE9 /* Build configuration list for PBXNativeTarget "iOS Project Test" */ = {
			isa = XCConfigurationList;
			buildConfigurations = (
				D316DB1A27231859000C2FE9 /* Debug */,
				D316DB1B27231859000C2FE9 /* Release */,
			);
			defaultConfigurationIsVisible = 0;
			defaultConfigurationName = Release;
		};
		D316DB1C27231859000C2FE9 /* Build configuration list for PBXNativeTarget "iOS Project TestTests" */ = {
			isa = XCConfigurationList;
			buildConfigurations = (
				D316DB1D27231859000C2FE9 /* Debug */,
				D316DB1E27231859000C2FE9 /* Release */,
			);
			defaultConfigurationIsVisible = 0;
			defaultConfigurationName = Release;
		};
		D316DB1F27231859000C2FE9 /* Build configuration list for PBXNativeTarget "iOS Project TestUITests" */ = {
			isa = XCConfigurationList;
			buildConfigurations = (
				D316DB2027231859000C2FE9 /* Debug */,
				D316DB2127231859000C2FE9 /* Release */,
			);
			defaultConfigurationIsVisible = 0;
			defaultConfigurationName = Release;
		};
/* End XCConfigurationList section */
	};
	rootObject = D316DAE727231858000C2FE9 /* Project object */;
}
